
Microsoft Visual Studio Solution File, Format Version 11.00
# Visual Studio 2010
Project("{FAE04EC0-301F-11D3-BF4B-00C04F79EFBC}") = "NPatternRecognizer", "NPatternRecognizer\NPatternRecognizer.csproj", "{586D49B0-0DF2-4D40-980B-8F07813916EF}"
EndProject
Project("{2150E333-8FDC-42A3-9474-1A3956D46DE8}") = "Solution Items", "Solution Items", "{02A8988E-E208-439F-A5C3-BE1E6EFBDDEA}"
	ProjectSection(SolutionItems) = preProject
		Local.testsettings = Local.testsettings
		NPatternRecognizer.vsmdi = NPatternRecognizer.vsmdi
		TraceAndTestImpact.testsettings = TraceAndTestImpact.testsettings
	EndProjectSection
EndProject
Project("{FAE04EC0-301F-11D3-BF4B-00C04F79EFBC}") = "UnitTest", "UnitTest\UnitTest.csproj", "{E4C74161-3361-4FE0-B3D9-4EB1BBCDE78C}"
EndProject
Global
	GlobalSection(TestCaseManagementSettings) = postSolution
		CategoryFile = NPatternRecognizer.vsmdi
	EndGlobalSection
	GlobalSection(SolutionConfigurationPlatforms) = preSolution
		Debug|Any CPU = Debug|Any CPU
		Release|Any CPU = Release|Any CPU
	EndGlobalSection
	GlobalSection(ProjectConfigurationPlatforms) = postSolution
		{586D49B0-0DF2-4D40-980B-8F07813916EF}.Debug|Any CPU.ActiveCfg = Debug|Any CPU
		{586D49B0-0DF2-4D40-980B-8F07813916EF}.Debug|Any CPU.Build.0 = Debug|Any CPU
		{586D49B0-0DF2-4D40-980B-8F07813916EF}.Release|Any CPU.ActiveCfg = Release|Any CPU
		{586D49B0-0DF2-4D40-980B-8F07813916EF}.Release|Any CPU.Build.0 = Release|Any CPU
		{E4C74161-3361-4FE0-B3D9-4EB1BBCDE78C}.Debug|Any CPU.ActiveCfg = Debug|Any CPU
		{E4C74161-3361-4FE0-B3D9-4EB1BBCDE78C}.Debug|Any CPU.Build.0 = Debug|Any CPU
		{E4C74161-3361-4FE0-B3D9-4EB1BBCDE78C}.Release|Any CPU.ActiveCfg = Release|Any CPU
		{E4C74161-3361-4FE0-B3D9-4EB1BBCDE78C}.Release|Any CPU.Build.0 = Release|Any CPU
	EndGlobalSection
	GlobalSection(SolutionProperties) = preSolution
		HideSolutionNode = FALSE
	EndGlobalSection
EndGlobal
